Microsoft Visual Studio Solution File, Format Version 12.00
# Visual Studio 2012
Project("{FAE04EC0-301F-11D3-BF4B-00C04F79EFBC}") = "Project 100", "Project 100.csproj", "{167E64F3-76E9-4F1C-BA86-E46AD349620A}"
EndProject
Global
	GlobalSection(SolutionConfigurationPlatforms) = preSolution
	Debug|Any CPU = Debug|Any CPU
	ExportDebug|Any CPU = ExportDebug|Any CPU
	ExportRelease|Any CPU = ExportRelease|Any CPU
	EndGlobalSection
	GlobalSection(ProjectConfigurationPlatforms) = postSolution
		{167E64F3-76E9-4F1C-BA86-E46AD349620A}.Debug|Any CPU.ActiveCfg = Debug|Any CPU
		{167E64F3-76E9-4F1C-BA86-E46AD349620A}.Debug|Any CPU.Build.0 = Debug|Any CPU
		{167E64F3-76E9-4F1C-BA86-E46AD349620A}.ExportDebug|Any CPU.ActiveCfg = ExportDebug|Any CPU
		{167E64F3-76E9-4F1C-BA86-E46AD349620A}.ExportDebug|Any CPU.Build.0 = ExportDebug|Any CPU
		{167E64F3-76E9-4F1C-BA86-E46AD349620A}.ExportRelease|Any CPU.ActiveCfg = ExportRelease|Any CPU
		{167E64F3-76E9-4F1C-BA86-E46AD349620A}.ExportRelease|Any CPU.Build.0 = ExportRelease|Any CPU
	EndGlobalSection
EndGlobal
